
Microsoft Visual Studio Solution File, Format Version 12.00
# Visual Studio 2017
Project("{FAE04EC0-301F-11D3-BF4B-00C04F79EFBC}") = "StrickGame", "StrickGame.csproj", "{E67B6C41-B0EB-D392-9F67-68CF263FDDFD}"
EndProject
Project("{FAE04EC0-301F-11D3-BF4B-00C04F79EFBC}") = "StrickGame.Editor", "StrickGame.Editor.csproj", "{3C70840A-C670-8D49-BAE5-3468D850CC67}"
EndProject
Global
	GlobalSection(SolutionConfigurationPlatforms) = preSolution
		Debug|Any CPU = Debug|Any CPU
		Release|Any CPU = Release|Any CPU
	EndGlobalSection
	GlobalSection(ProjectConfigurationPlatforms) = postSolution
		{E67B6C41-B0EB-D392-9F67-68CF263FDDFD}.Debug|Any CPU.ActiveCfg = Debug|Any CPU
		{E67B6C41-B0EB-D392-9F67-68CF263FDDFD}.Debug|Any CPU.Build.0 = Debug|Any CPU
		{E67B6C41-B0EB-D392-9F67-68CF263FDDFD}.Release|Any CPU.ActiveCfg = Release|Any CPU
		{E67B6C41-B0EB-D392-9F67-68CF263FDDFD}.Release|Any CPU.Build.0 = Release|Any CPU
		{3C70840A-C670-8D49-BAE5-3468D850CC67}.Debug|Any CPU.ActiveCfg = Debug|Any CPU
		{3C70840A-C670-8D49-BAE5-3468D850CC67}.Debug|Any CPU.Build.0 = Debug|Any CPU
		{3C70840A-C670-8D49-BAE5-3468D850CC67}.Release|Any CPU.ActiveCfg = Release|Any CPU
		{3C70840A-C670-8D49-BAE5-3468D850CC67}.Release|Any CPU.Build.0 = Release|Any CPU
	EndGlobalSection
	GlobalSection(SolutionProperties) = preSolution
		HideSolutionNode = FALSE
	EndGlobalSection
EndGlobal
